hash: 41acc916486f752fb218b6de24f1507af931adf1f64f1bc241af1e0c76e82a4a
updated: 2017-09-28T15:00:32.35447212+03:00
imports:
- name: github.com/Dalee/hitman
  version: f86df5948ec31df8f3ccd45cdd5882a11b174256
  subpackages:
  - pkg/registry
- name: github.com/forestgiant/sliceutil
  version: 94783f95db6c58ab095b288839b769ca549dd4b4
- name: github.com/ghodss/yaml
  version: 04f313413ffd65ce25f2541bfd2b2ceec5c0908c
- name: github.com/inconshreveable/mousetrap
  version: 76626ae9c91c4f2a10f34cad8ce83ea42c93bb75
- name: github.com/spf13/cobra
  version: 5deb57bbca49eb370538fc295ba4b2988f9f5e09
  subpackages:
  - cobra
- name: github.com/spf13/pflag
  version: 5ccb023bc27df288a957c5e994cd44fd19619465
- name: github.com/spf13/viper
  version: 5ed0fc31f7f453625df314d8e66b9791e8d13003
- name: github.com/stretchr/testify
  version: 69483b4bd14f5845b5a1e55bca19e954e827f1d0
  subpackages:
  - assert
  - mock
- name: golang.org/x/net
  version: 236b8f043b920452504e263bc21d354427127473
  subpackages:
  - publicsuffix
- name: gopkg.in/resty.v0
  version: 2e0c2310ba20c7edb6162ea2f6c0d5bba2e5e56d
- name: gopkg.in/yaml.v2
  version: a3f3340b5840cee44f372bddb5880fcbc419b46a
testImports:
- name: github.com/davecgh/go-spew
  version: 6d212800a42e8ab5c146b8ace3490ee17e5225f9
  subpackages:
  - spew
- name: github.com/pmezard/go-difflib
  version: d8ed2627bdf02c080bf22230dbb337003b7aba2d
  subpackages:
  - difflib
- name: github.com/stretchr/objx
  version: cbeaeb16a013161a98496fad62933b1d21786672
